
Microsoft Visual Studio Solution File, Format Version 12.00
# Visual Studio Version 16
VisualStudioVersion = 16.0.29806.167
MinimumVisualStudioVersion = 10.0.40219.1
Project("{FAE04EC0-301F-11D3-BF4B-00C04F79EFBC}") = "TP1WcfServiceLibrary", "TP1WcfServiceLibrary\TP1WcfServiceLibrary.csproj", "{07323C72-46DF-412D-B38D-3F0F66897EA2}"
EndProject
Project("{FAE04EC0-301F-11D3-BF4B-00C04F79EFBC}") = "TP1WindowsFormsApp1", "TP1WindowsFormsApp1\TP1WindowsFormsApp1.csproj", "{A59343B9-96E0-4C43-A768-26AE429B2035}"
EndProject
Global
	GlobalSection(SolutionConfigurationPlatforms) = preSolution
		Debug|Any CPU = Debug|Any CPU
		Release|Any CPU = Release|Any CPU
	EndGlobalSection
	GlobalSection(ProjectConfigurationPlatforms) = postSolution
		{07323C72-46DF-412D-B38D-3F0F66897EA2}.Debug|Any CPU.ActiveCfg = Debug|Any CPU
		{07323C72-46DF-412D-B38D-3F0F66897EA2}.Debug|Any CPU.Build.0 = Debug|Any CPU
		{07323C72-46DF-412D-B38D-3F0F66897EA2}.Release|Any CPU.ActiveCfg = Release|Any CPU
		{07323C72-46DF-412D-B38D-3F0F66897EA2}.Release|Any CPU.Build.0 = Release|Any CPU
		{A59343B9-96E0-4C43-A768-26AE429B2035}.Debug|Any CPU.ActiveCfg = Debug|Any CPU
		{A59343B9-96E0-4C43-A768-26AE429B2035}.Debug|Any CPU.Build.0 = Debug|Any CPU
		{A59343B9-96E0-4C43-A768-26AE429B2035}.Release|Any CPU.ActiveCfg = Release|Any CPU
		{A59343B9-96E0-4C43-A768-26AE429B2035}.Release|Any CPU.Build.0 = Release|Any CPU
	EndGlobalSection
	GlobalSection(SolutionProperties) = preSolution
		HideSolutionNode = FALSE
	EndGlobalSection
	GlobalSection(ExtensibilityGlobals) = postSolution
		SolutionGuid = {BEFC908C-7360-453D-A5E3-64C88903F535}
	EndGlobalSection
EndGlobal
